{
  "name": "epic_kart",
  "lockfileVersion": 2,
  "requires": true,
  "packages": {
    "": {
      "dependencies": {
        "js-image-zoom": "^0.7.0"
      }
    },
    "node_modules/js-image-zoom": {
      "version": "0.7.0",
      "resolved": "https://registry.npmjs.org/js-image-zoom/-/js-image-zoom-0.7.0.tgz",
      "integrity": "sha512-csvn2FmRLjVz5O9AtXGRPKy0Khfcf5n2Vuyg1NyOVylcjzJ6IKN60JmZ/d5rVQvMya9V6tqAaCqj/c20PlUYpQ==",
      "engines": {
        "node": ">=0.8.0"
      }
    }
  },
  "dependencies": {
    "js-image-zoom": {
      "version": "0.7.0",
      "resolved": "https://registry.npmjs.org/js-image-zoom/-/js-image-zoom-0.7.0.tgz",
      "integrity": "sha512-csvn2FmRLjVz5O9AtXGRPKy0Khfcf5n2Vuyg1NyOVylcjzJ6IKN60JmZ/d5rVQvMya9V6tqAaCqj/c20PlUYpQ=="
    }
  }
}
